
Microsoft Visual Studio Solution File, Format Version 12.00
# Visual Studio Version 17
VisualStudioVersion = 17.2.32519.379
MinimumVisualStudioVersion = 10.0.40219.1
Project("{FAE04EC0-301F-11D3-BF4B-00C04F79EFBC}") = "Giantnodes.Infrastructure", "src\Infrastructure\Giantnodes.Infrastructure.csproj", "{BF9E659F-55D7-44BA-825A-734FB16BA4EB}"
EndProject
Global
	GlobalSection(SolutionConfigurationPlatforms) = preSolution
		Debug|Any CPU = Debug|Any CPU
		Release|Any CPU = Release|Any CPU
	EndGlobalSection
	GlobalSection(ProjectConfigurationPlatforms) = postSolution
		{BF9E659F-55D7-44BA-825A-734FB16BA4EB}.Debug|Any CPU.ActiveCfg = Debug|Any CPU
		{BF9E659F-55D7-44BA-825A-734FB16BA4EB}.Debug|Any CPU.Build.0 = Debug|Any CPU
		{BF9E659F-55D7-44BA-825A-734FB16BA4EB}.Release|Any CPU.ActiveCfg = Release|Any CPU
		{BF9E659F-55D7-44BA-825A-734FB16BA4EB}.Release|Any CPU.Build.0 = Release|Any CPU
	EndGlobalSection
	GlobalSection(SolutionProperties) = preSolution
		HideSolutionNode = FALSE
	EndGlobalSection
	GlobalSection(ExtensibilityGlobals) = postSolution
		SolutionGuid = {8C4B7AB6-3764-4EB6-AB9B-57AD56F6AD43}
	EndGlobalSection
EndGlobal
