
Microsoft Visual Studio Solution File, Format Version 12.00
# Visual Studio Version 17
VisualStudioVersion = 17.2.32519.379
MinimumVisualStudioVersion = 10.0.40219.1
Project("{2150E333-8FDC-42A3-9474-1A3956D46DE8}") = ".referenced", ".referenced", "{173B2F4F-AA77-405D-9F87-761BB778AD48}"
EndProject
Project("{9A19103F-16F7-4668-BE54-9A1E7A4F7556}") = "Giantnodes.Infrastructure", "..\Infrastructure\src\Infrastructure\Giantnodes.Infrastructure.csproj", "{B45C368E-4F87-436A-85A6-8413836974C8}"
EndProject
Project("{9A19103F-16F7-4668-BE54-9A1E7A4F7556}") = "Giantnodes.Infrastructure.Mail", "..\Infrastructure.Mail\src\Infrastructure.Mail\Giantnodes.Infrastructure.Mail.csproj", "{BD11F577-44FD-42BA-8039-8AC0F3E1CBDD}"
EndProject
Project("{9A19103F-16F7-4668-BE54-9A1E7A4F7556}") = "Giantnodes.Infrastructure.Mail.Tests", "..\Infrastructure.Mail\tests\Infrastructure.Mail.Tests\Giantnodes.Infrastructure.Mail.Tests.csproj", "{71ACE2C7-7497-4B4F-93E3-286BA2DD7CBA}"
EndProject
Project("{9A19103F-16F7-4668-BE54-9A1E7A4F7556}") = "Giantnodes.Infrastructure.MassTransit", "..\Infrastructure.MassTransit\src\Infrastructure.MassTransit\Giantnodes.Infrastructure.MassTransit.csproj", "{B9AE1065-08F4-4ABF-B954-4CCF35732395}"
EndProject
Project("{9A19103F-16F7-4668-BE54-9A1E7A4F7556}") = "Giantnodes.Service.Identity.Abstractions", "..\Service.Identity\src\Abstractions\Giantnodes.Service.Identity.Abstractions.csproj", "{9707E586-646C-4CD5-BE9A-2AEBB7A9C9BF}"
EndProject
Project("{2150E333-8FDC-42A3-9474-1A3956D46DE8}") = "src", "src", "{AAAD8243-D210-47FF-AFD3-F6C9E413105C}"
EndProject
Project("{9A19103F-16F7-4668-BE54-9A1E7A4F7556}") = "Giantnodes.Service.Tenants.Abstractions", "src\Abstractions\Giantnodes.Service.Tenants.Abstractions.csproj", "{6EC39805-5B8C-4398-B249-D70C9E1C48D1}"
EndProject
Project("{9A19103F-16F7-4668-BE54-9A1E7A4F7556}") = "Giantnodes.Service.Tenants.Api", "src\Api\Giantnodes.Service.Tenants.Api.csproj", "{29F24BAA-6B2A-4B30-9087-8AC918294AEF}"
EndProject
Project("{9A19103F-16F7-4668-BE54-9A1E7A4F7556}") = "Giantnodes.Service.Tenants.Application", "src\Application\Giantnodes.Service.Tenants.Application.csproj", "{7E4659A0-632D-4FE9-9030-856DC2928A5A}"
EndProject
Project("{9A19103F-16F7-4668-BE54-9A1E7A4F7556}") = "Giantnodes.Service.Tenants.Domain", "src\Domain\Giantnodes.Service.Tenants.Domain.csproj", "{55F38C3D-76AC-4088-947E-7A57640590C7}"
EndProject
Project("{9A19103F-16F7-4668-BE54-9A1E7A4F7556}") = "Giantnodes.Service.Tenants.Mail", "src\Mail\Giantnodes.Service.Tenants.Mail.csproj", "{4D0D5944-C39A-4D6B-A71A-4D906C21127F}"
EndProject
Project("{9A19103F-16F7-4668-BE54-9A1E7A4F7556}") = "Giantnodes.Service.Tenants.Persistance", "src\Persistance\Giantnodes.Service.Tenants.Persistance.csproj", "{45109F74-4468-4610-9566-C51775A5001C}"
EndProject
Project("{2150E333-8FDC-42A3-9474-1A3956D46DE8}") = "tests", "tests", "{C998A9B2-03AC-42A4-AB77-4715A1C31AD7}"
EndProject
Project("{FAE04EC0-301F-11D3-BF4B-00C04F79EFBC}") = "Giantnodes.Service.Tenants.Application.Tests", "tests\Application.Tests\Giantnodes.Service.Tenants.Application.Tests.csproj", "{4681DD54-D813-4FDD-B649-9CC0330CB228}"
EndProject
Project("{FAE04EC0-301F-11D3-BF4B-00C04F79EFBC}") = "Giantnodes.Service.Tenants.Shared.Tests", "tests\Shared.Tests\Giantnodes.Service.Tenants.Shared.Tests.csproj", "{3DD156A1-A1D6-4802-8D25-6E2FBB748B49}"
EndProject
Global
	GlobalSection(SolutionConfigurationPlatforms) = preSolution
		Debug|Any CPU = Debug|Any CPU
		Release|Any CPU = Release|Any CPU
	EndGlobalSection
	GlobalSection(ProjectConfigurationPlatforms) = postSolution
		{B45C368E-4F87-436A-85A6-8413836974C8}.Debug|Any CPU.ActiveCfg = Debug|Any CPU
		{B45C368E-4F87-436A-85A6-8413836974C8}.Debug|Any CPU.Build.0 = Debug|Any CPU
		{B45C368E-4F87-436A-85A6-8413836974C8}.Release|Any CPU.ActiveCfg = Release|Any CPU
		{B45C368E-4F87-436A-85A6-8413836974C8}.Release|Any CPU.Build.0 = Release|Any CPU
		{BD11F577-44FD-42BA-8039-8AC0F3E1CBDD}.Debug|Any CPU.ActiveCfg = Debug|Any CPU
		{BD11F577-44FD-42BA-8039-8AC0F3E1CBDD}.Debug|Any CPU.Build.0 = Debug|Any CPU
		{BD11F577-44FD-42BA-8039-8AC0F3E1CBDD}.Release|Any CPU.ActiveCfg = Release|Any CPU
		{BD11F577-44FD-42BA-8039-8AC0F3E1CBDD}.Release|Any CPU.Build.0 = Release|Any CPU
		{B9AE1065-08F4-4ABF-B954-4CCF35732395}.Debug|Any CPU.ActiveCfg = Debug|Any CPU
		{B9AE1065-08F4-4ABF-B954-4CCF35732395}.Debug|Any CPU.Build.0 = Debug|Any CPU
		{B9AE1065-08F4-4ABF-B954-4CCF35732395}.Release|Any CPU.ActiveCfg = Release|Any CPU
		{B9AE1065-08F4-4ABF-B954-4CCF35732395}.Release|Any CPU.Build.0 = Release|Any CPU
		{9707E586-646C-4CD5-BE9A-2AEBB7A9C9BF}.Debug|Any CPU.ActiveCfg = Debug|Any CPU
		{9707E586-646C-4CD5-BE9A-2AEBB7A9C9BF}.Debug|Any CPU.Build.0 = Debug|Any CPU
		{9707E586-646C-4CD5-BE9A-2AEBB7A9C9BF}.Release|Any CPU.ActiveCfg = Release|Any CPU
		{9707E586-646C-4CD5-BE9A-2AEBB7A9C9BF}.Release|Any CPU.Build.0 = Release|Any CPU
		{6EC39805-5B8C-4398-B249-D70C9E1C48D1}.Debug|Any CPU.ActiveCfg = Debug|Any CPU
		{6EC39805-5B8C-4398-B249-D70C9E1C48D1}.Debug|Any CPU.Build.0 = Debug|Any CPU
		{6EC39805-5B8C-4398-B249-D70C9E1C48D1}.Release|Any CPU.ActiveCfg = Release|Any CPU
		{6EC39805-5B8C-4398-B249-D70C9E1C48D1}.Release|Any CPU.Build.0 = Release|Any CPU
		{29F24BAA-6B2A-4B30-9087-8AC918294AEF}.Debug|Any CPU.ActiveCfg = Debug|Any CPU
		{29F24BAA-6B2A-4B30-9087-8AC918294AEF}.Debug|Any CPU.Build.0 = Debug|Any CPU
		{29F24BAA-6B2A-4B30-9087-8AC918294AEF}.Release|Any CPU.ActiveCfg = Release|Any CPU
		{29F24BAA-6B2A-4B30-9087-8AC918294AEF}.Release|Any CPU.Build.0 = Release|Any CPU
		{7E4659A0-632D-4FE9-9030-856DC2928A5A}.Debug|Any CPU.ActiveCfg = Debug|Any CPU
		{7E4659A0-632D-4FE9-9030-856DC2928A5A}.Debug|Any CPU.Build.0 = Debug|Any CPU
		{7E4659A0-632D-4FE9-9030-856DC2928A5A}.Release|Any CPU.ActiveCfg = Release|Any CPU
		{7E4659A0-632D-4FE9-9030-856DC2928A5A}.Release|Any CPU.Build.0 = Release|Any CPU
		{55F38C3D-76AC-4088-947E-7A57640590C7}.Debug|Any CPU.ActiveCfg = Debug|Any CPU
		{55F38C3D-76AC-4088-947E-7A57640590C7}.Debug|Any CPU.Build.0 = Debug|Any CPU
		{55F38C3D-76AC-4088-947E-7A57640590C7}.Release|Any CPU.ActiveCfg = Release|Any CPU
		{55F38C3D-76AC-4088-947E-7A57640590C7}.Release|Any CPU.Build.0 = Release|Any CPU
		{4D0D5944-C39A-4D6B-A71A-4D906C21127F}.Debug|Any CPU.ActiveCfg = Debug|Any CPU
		{4D0D5944-C39A-4D6B-A71A-4D906C21127F}.Debug|Any CPU.Build.0 = Debug|Any CPU
		{4D0D5944-C39A-4D6B-A71A-4D906C21127F}.Release|Any CPU.ActiveCfg = Release|Any CPU
		{4D0D5944-C39A-4D6B-A71A-4D906C21127F}.Release|Any CPU.Build.0 = Release|Any CPU
		{45109F74-4468-4610-9566-C51775A5001C}.Debug|Any CPU.ActiveCfg = Debug|Any CPU
		{45109F74-4468-4610-9566-C51775A5001C}.Debug|Any CPU.Build.0 = Debug|Any CPU
		{45109F74-4468-4610-9566-C51775A5001C}.Release|Any CPU.ActiveCfg = Release|Any CPU
		{45109F74-4468-4610-9566-C51775A5001C}.Release|Any CPU.Build.0 = Release|Any CPU
		{4681DD54-D813-4FDD-B649-9CC0330CB228}.Debug|Any CPU.ActiveCfg = Debug|Any CPU
		{4681DD54-D813-4FDD-B649-9CC0330CB228}.Debug|Any CPU.Build.0 = Debug|Any CPU
		{4681DD54-D813-4FDD-B649-9CC0330CB228}.Release|Any CPU.ActiveCfg = Release|Any CPU
		{4681DD54-D813-4FDD-B649-9CC0330CB228}.Release|Any CPU.Build.0 = Release|Any CPU
		{71ACE2C7-7497-4B4F-93E3-286BA2DD7CBA}.Debug|Any CPU.ActiveCfg = Debug|Any CPU
		{71ACE2C7-7497-4B4F-93E3-286BA2DD7CBA}.Debug|Any CPU.Build.0 = Debug|Any CPU
		{71ACE2C7-7497-4B4F-93E3-286BA2DD7CBA}.Release|Any CPU.ActiveCfg = Release|Any CPU
		{71ACE2C7-7497-4B4F-93E3-286BA2DD7CBA}.Release|Any CPU.Build.0 = Release|Any CPU
		{3DD156A1-A1D6-4802-8D25-6E2FBB748B49}.Debug|Any CPU.ActiveCfg = Debug|Any CPU
		{3DD156A1-A1D6-4802-8D25-6E2FBB748B49}.Debug|Any CPU.Build.0 = Debug|Any CPU
		{3DD156A1-A1D6-4802-8D25-6E2FBB748B49}.Release|Any CPU.ActiveCfg = Release|Any CPU
		{3DD156A1-A1D6-4802-8D25-6E2FBB748B49}.Release|Any CPU.Build.0 = Release|Any CPU
	EndGlobalSection
	GlobalSection(SolutionProperties) = preSolution
		HideSolutionNode = FALSE
	EndGlobalSection
	GlobalSection(NestedProjects) = preSolution
		{B45C368E-4F87-436A-85A6-8413836974C8} = {173B2F4F-AA77-405D-9F87-761BB778AD48}
		{BD11F577-44FD-42BA-8039-8AC0F3E1CBDD} = {173B2F4F-AA77-405D-9F87-761BB778AD48}
		{B9AE1065-08F4-4ABF-B954-4CCF35732395} = {173B2F4F-AA77-405D-9F87-761BB778AD48}
		{9707E586-646C-4CD5-BE9A-2AEBB7A9C9BF} = {173B2F4F-AA77-405D-9F87-761BB778AD48}
		{6EC39805-5B8C-4398-B249-D70C9E1C48D1} = {AAAD8243-D210-47FF-AFD3-F6C9E413105C}
		{29F24BAA-6B2A-4B30-9087-8AC918294AEF} = {AAAD8243-D210-47FF-AFD3-F6C9E413105C}
		{7E4659A0-632D-4FE9-9030-856DC2928A5A} = {AAAD8243-D210-47FF-AFD3-F6C9E413105C}
		{55F38C3D-76AC-4088-947E-7A57640590C7} = {AAAD8243-D210-47FF-AFD3-F6C9E413105C}
		{4D0D5944-C39A-4D6B-A71A-4D906C21127F} = {AAAD8243-D210-47FF-AFD3-F6C9E413105C}
		{45109F74-4468-4610-9566-C51775A5001C} = {AAAD8243-D210-47FF-AFD3-F6C9E413105C}
		{4681DD54-D813-4FDD-B649-9CC0330CB228} = {C998A9B2-03AC-42A4-AB77-4715A1C31AD7}
		{71ACE2C7-7497-4B4F-93E3-286BA2DD7CBA} = {173B2F4F-AA77-405D-9F87-761BB778AD48}
		{3DD156A1-A1D6-4802-8D25-6E2FBB748B49} = {C998A9B2-03AC-42A4-AB77-4715A1C31AD7}
	EndGlobalSection
	GlobalSection(ExtensibilityGlobals) = postSolution
		SolutionGuid = {E750D0FA-568E-4B48-B430-B3A3FD45B71C}
	EndGlobalSection
EndGlobal
